
Microsoft Visual Studio Solution File, Format Version 12.00
# Visual Studio Version 17
VisualStudioVersion = 17.2.32526.322
MinimumVisualStudioVersion = 10.0.40219.1
Project("{9A19103F-16F7-4668-BE54-9A1E7A4F7556}") = "RendererTest", "RendererTest\RendererTest.csproj", "{621FE889-A117-4ED3-B4CE-C030161523CD}"
EndProject
Project("{9A19103F-16F7-4668-BE54-9A1E7A4F7556}") = "MultiThreadedRendererTest", "MultiThreadedRendererTest\MultiThreadedRendererTest.csproj", "{C716BCE8-2B2B-4EA6-B440-83F69541ABF1}"
EndProject
Project("{9A19103F-16F7-4668-BE54-9A1E7A4F7556}") = "RendererAbstractionTest", "RendererAbstractionTest\RendererAbstractionTest.csproj", "{4001BF76-BE77-4352-B603-D6B0741F493A}"
EndProject
Project("{9A19103F-16F7-4668-BE54-9A1E7A4F7556}") = "Bgfx", "Bgfx\Bgfx.csproj", "{B7D3E734-7A34-428F-818A-61FAF5906626}"
EndProject
Global
	GlobalSection(SolutionConfigurationPlatforms) = preSolution
		Debug|Any CPU = Debug|Any CPU
		Release|Any CPU = Release|Any CPU
	EndGlobalSection
	GlobalSection(ProjectConfigurationPlatforms) = postSolution
		{621FE889-A117-4ED3-B4CE-C030161523CD}.Debug|Any CPU.ActiveCfg = Debug|Any CPU
		{621FE889-A117-4ED3-B4CE-C030161523CD}.Debug|Any CPU.Build.0 = Debug|Any CPU
		{621FE889-A117-4ED3-B4CE-C030161523CD}.Release|Any CPU.ActiveCfg = Release|Any CPU
		{621FE889-A117-4ED3-B4CE-C030161523CD}.Release|Any CPU.Build.0 = Release|Any CPU
		{C716BCE8-2B2B-4EA6-B440-83F69541ABF1}.Debug|Any CPU.ActiveCfg = Debug|Any CPU
		{C716BCE8-2B2B-4EA6-B440-83F69541ABF1}.Debug|Any CPU.Build.0 = Debug|Any CPU
		{C716BCE8-2B2B-4EA6-B440-83F69541ABF1}.Release|Any CPU.ActiveCfg = Release|Any CPU
		{C716BCE8-2B2B-4EA6-B440-83F69541ABF1}.Release|Any CPU.Build.0 = Release|Any CPU
		{4001BF76-BE77-4352-B603-D6B0741F493A}.Debug|Any CPU.ActiveCfg = Debug|Any CPU
		{4001BF76-BE77-4352-B603-D6B0741F493A}.Debug|Any CPU.Build.0 = Debug|Any CPU
		{4001BF76-BE77-4352-B603-D6B0741F493A}.Release|Any CPU.ActiveCfg = Release|Any CPU
		{4001BF76-BE77-4352-B603-D6B0741F493A}.Release|Any CPU.Build.0 = Release|Any CPU
		{B7D3E734-7A34-428F-818A-61FAF5906626}.Debug|Any CPU.ActiveCfg = Debug|Any CPU
		{B7D3E734-7A34-428F-818A-61FAF5906626}.Debug|Any CPU.Build.0 = Debug|Any CPU
		{B7D3E734-7A34-428F-818A-61FAF5906626}.Release|Any CPU.ActiveCfg = Release|Any CPU
		{B7D3E734-7A34-428F-818A-61FAF5906626}.Release|Any CPU.Build.0 = Release|Any CPU
	EndGlobalSection
	GlobalSection(SolutionProperties) = preSolution
		HideSolutionNode = FALSE
	EndGlobalSection
	GlobalSection(ExtensibilityGlobals) = postSolution
		SolutionGuid = {8B9B95DA-7615-4214-83E9-98EE2FD1F35F}
	EndGlobalSection
EndGlobal
