
Microsoft Visual Studio Solution File, Format Version 12.00
Project("{FAE04EC0-301F-11D3-BF4B-00C04F79EFBC}") = "RendererTest", "RendererTest\RendererTest.csproj", "{621FE889-A117-4ED3-B4CE-C030161523CD}"
EndProject
Project("{FAE04EC0-301F-11D3-BF4B-00C04F79EFBC}") = "MultiThreadedRendererTest", "MultiThreadedRendererTest\MultiThreadedRendererTest.csproj", "{C716BCE8-2B2B-4EA6-B440-83F69541ABF1}"
EndProject
Project("{FAE04EC0-301F-11D3-BF4B-00C04F79EFBC}") = "RendererLibraries", "RendererLibraries\RendererLibraries.csproj", "{CC89CE7E-34F9-4AEE-BF18-CA951054B95B}"
EndProject
Project("{FAE04EC0-301F-11D3-BF4B-00C04F79EFBC}") = "RendererAbstractionTest", "RendererAbstractionTest\RendererAbstractionTest.csproj", "{4001BF76-BE77-4352-B603-D6B0741F493A}"
EndProject
Global
	GlobalSection(SolutionConfigurationPlatforms) = preSolution
		Debug|Any CPU = Debug|Any CPU
		Release|Any CPU = Release|Any CPU
	EndGlobalSection
	GlobalSection(ProjectConfigurationPlatforms) = postSolution
		{621FE889-A117-4ED3-B4CE-C030161523CD}.Debug|Any CPU.ActiveCfg = Debug|Any CPU
		{621FE889-A117-4ED3-B4CE-C030161523CD}.Debug|Any CPU.Build.0 = Debug|Any CPU
		{621FE889-A117-4ED3-B4CE-C030161523CD}.Release|Any CPU.ActiveCfg = Release|Any CPU
		{621FE889-A117-4ED3-B4CE-C030161523CD}.Release|Any CPU.Build.0 = Release|Any CPU
		{C716BCE8-2B2B-4EA6-B440-83F69541ABF1}.Debug|Any CPU.ActiveCfg = Debug|Any CPU
		{C716BCE8-2B2B-4EA6-B440-83F69541ABF1}.Debug|Any CPU.Build.0 = Debug|Any CPU
		{C716BCE8-2B2B-4EA6-B440-83F69541ABF1}.Release|Any CPU.ActiveCfg = Release|Any CPU
		{C716BCE8-2B2B-4EA6-B440-83F69541ABF1}.Release|Any CPU.Build.0 = Release|Any CPU
		{CC89CE7E-34F9-4AEE-BF18-CA951054B95B}.Debug|Any CPU.ActiveCfg = Debug|Any CPU
		{CC89CE7E-34F9-4AEE-BF18-CA951054B95B}.Debug|Any CPU.Build.0 = Debug|Any CPU
		{CC89CE7E-34F9-4AEE-BF18-CA951054B95B}.Release|Any CPU.ActiveCfg = Release|Any CPU
		{CC89CE7E-34F9-4AEE-BF18-CA951054B95B}.Release|Any CPU.Build.0 = Release|Any CPU
		{4001BF76-BE77-4352-B603-D6B0741F493A}.Debug|Any CPU.ActiveCfg = Debug|Any CPU
		{4001BF76-BE77-4352-B603-D6B0741F493A}.Debug|Any CPU.Build.0 = Debug|Any CPU
		{4001BF76-BE77-4352-B603-D6B0741F493A}.Release|Any CPU.ActiveCfg = Release|Any CPU
		{4001BF76-BE77-4352-B603-D6B0741F493A}.Release|Any CPU.Build.0 = Release|Any CPU
	EndGlobalSection
EndGlobal
